<?xml version="1.0" encoding="utf-8"?>
<Project ToolsVersion="4.0" xmlns="http://schemas.microsoft.com/developer/msbuild/2003">
  <ItemGroup>
    <Filter Include="Source Files">
      <UniqueIdentifier>{4FC737F1-C7A5-4376-A066-2A32D752A2FF}</UniqueIdentifier>
      <Extensions>cpp;c;cc;cxx;def;odl;idl;hpj;bat;asm;asmx</Extensions>
    </Filter>
    <Filter Include="Header Files">
      <UniqueIdentifier>{93995380-89BD-4b04-88EB-625FBE52EBFB}</UniqueIdentifier>
      <Extensions>h;hh;hpp;hxx;hm;inl;inc;ipp;xsd</Extensions>
    </Filter>
    <Filter Include="Resource Files">
      <UniqueIdentifier>{67DA6AB6-F800-4c08-8B7A-83BB121AAD01}</UniqueIdentifier>
      <Extensions>rc;ico;cur;bmp;dlg;rc2;rct;bin;rgs;gif;jpg;jpeg;jpe;resx;tiff;tif;png;wav;mfcribbon-ms</Extensions>
    </Filter>
    <Filter Include="Header Files\Windows">
      <UniqueIdentifier>{0a14dde4-8ccf-49fb-9196-c5f661531ded}</UniqueIdentifier>
    </Filter>
    <Filter Include="Source Files\Windows">
      <UniqueIdentifier>{a7d213c4-e0e1-477d-9726-5304a162d19a}</UniqueIdentifier>
    </Filter>
    <Filter Include="Header Files\AI">
      <UniqueIdentifier>{e8673222-f9a2-468c-bcf5-6005b52b33fa}</UniqueIdentifier>
    </Filter>
    <Filter Include="Source Files\AI">
      <UniqueIdentifier>{4b40b1a5-2313-446e-88a2-e1195ee44918}</UniqueIdentifier>
    </Filter>
    <Filter Include="Source Files\Drawing">
      <UniqueIdentifier>{814a7d3d-e098-4842-a40a-4f659cc0c085}</UniqueIdentifier>
    </Filter>
    <Filter Include="Header Files\Drawing">
      <UniqueIdentifier>{45e57530-1cce-45e3-abc6-4c8f38aa7993}</UniqueIdentifier>
    </Filter>
    <Filter Include="Header Files\Other">
      <UniqueIdentifier>{0b1a942a-84fe-4148-b58e-450ac1dd091d}</UniqueIdentifier>
    </Filter>
    <Filter Include="Source Files\Other">
      <UniqueIdentifier>{7f45dc3a-8ddb-47f2-b83f-6ebe74a47d1c}</UniqueIdentifier>
    </Filter>
    <Filter Include="Source Files\Field">
      <UniqueIdentifier>{7f91a642-7cb1-4b19-8685-b2fd8ecef27b}</UniqueIdentifier>
    </Filter>
    <Filter Include="Header Files\Field">
      <UniqueIdentifier>{e74a661d-7ac1-4a6d-a80f-2d80598d0716}</UniqueIdentifier>
    </Filter>
  </ItemGroup>
  <ItemGroup>
    <ClCompile Include="mainGame.cpp">
      <Filter>Source Files\Windows</Filter>
    </ClCompile>
    <ClCompile Include="menu.cpp">
      <Filter>Source Files\Windows</Filter>
    </ClCompile>
    <ClCompile Include="results.cpp">
      <Filter>Source Files\Windows</Filter>
    </ClCompile>
    <ClCompile Include="drawing.cpp">
      <Filter>Source Files\Drawing</Filter>
    </ClCompile>
    <ClCompile Include="main.cpp">
      <Filter>Source Files\Other</Filter>
    </ClCompile>
    <ClCompile Include="field.cpp">
      <Filter>Source Files\Field</Filter>
    </ClCompile>
    <ClCompile Include="_AI.cpp">
      <Filter>Source Files\AI</Filter>
    </ClCompile>
    <ClCompile Include="checkLines.cpp">
      <Filter>Source Files\AI</Filter>
    </ClCompile>
    <ClCompile Include="_AIMovesCrosses.cpp">
      <Filter>Source Files\AI</Filter>
    </ClCompile>
    <ClCompile Include="_AIMovesNoughts.cpp">
      <Filter>Source Files\AI</Filter>
    </ClCompile>
  </ItemGroup>
  <ItemGroup>
    <ClInclude Include="mainGame.h">
      <Filter>Header Files\Windows</Filter>
    </ClInclude>
    <ClInclude Include="menu.h">
      <Filter>Header Files\Windows</Filter>
    </ClInclude>
    <ClInclude Include="results.h">
      <Filter>Header Files\Windows</Filter>
    </ClInclude>
    <ClInclude Include="drawing.h">
      <Filter>Header Files\Drawing</Filter>
    </ClInclude>
    <ClInclude Include="consts.h">
      <Filter>Header Files\Other</Filter>
    </ClInclude>
    <ClInclude Include="globals.h">
      <Filter>Header Files\Other</Filter>
    </ClInclude>
    <ClInclude Include="field.h">
      <Filter>Header Files\Field</Filter>
    </ClInclude>
    <ClInclude Include="_AI.h">
      <Filter>Header Files\AI</Filter>
    </ClInclude>
  </ItemGroup>
</Project>